
Microsoft Visual Studio Solution File, Format Version 12.00
# Visual Studio Version 17
VisualStudioVersion = 17.5.002.0
MinimumVisualStudioVersion = 10.0.40219.1
Project("{9A19103F-16F7-4668-BE54-9A1E7A4F7556}") = "FplStatsWasm.Client", "Client\FplStatsWasm.Client.csproj", "{88D162D8-61B7-43D2-8392-C27118509062}"
EndProject
Project("{9A19103F-16F7-4668-BE54-9A1E7A4F7556}") = "FplStatsWasm.Server", "Server\FplStatsWasm.Server.csproj", "{37A717FA-4188-4F48-AF09-BF4DD09D4460}"
EndProject
Project("{9A19103F-16F7-4668-BE54-9A1E7A4F7556}") = "FplStatsWasm.Shared", "Shared\FplStatsWasm.Shared.csproj", "{B439F7CA-452D-4A2D-B8D9-396811507D75}"
EndProject
Global
	GlobalSection(SolutionConfigurationPlatforms) = preSolution
		Debug|Any CPU = Debug|Any CPU
		Release|Any CPU = Release|Any CPU
	EndGlobalSection
	GlobalSection(ProjectConfigurationPlatforms) = postSolution
		{88D162D8-61B7-43D2-8392-C27118509062}.Debug|Any CPU.ActiveCfg = Debug|Any CPU
		{88D162D8-61B7-43D2-8392-C27118509062}.Debug|Any CPU.Build.0 = Debug|Any CPU
		{88D162D8-61B7-43D2-8392-C27118509062}.Release|Any CPU.ActiveCfg = Release|Any CPU
		{88D162D8-61B7-43D2-8392-C27118509062}.Release|Any CPU.Build.0 = Release|Any CPU
		{37A717FA-4188-4F48-AF09-BF4DD09D4460}.Debug|Any CPU.ActiveCfg = Debug|Any CPU
		{37A717FA-4188-4F48-AF09-BF4DD09D4460}.Debug|Any CPU.Build.0 = Debug|Any CPU
		{37A717FA-4188-4F48-AF09-BF4DD09D4460}.Release|Any CPU.ActiveCfg = Release|Any CPU
		{37A717FA-4188-4F48-AF09-BF4DD09D4460}.Release|Any CPU.Build.0 = Release|Any CPU
		{B439F7CA-452D-4A2D-B8D9-396811507D75}.Debug|Any CPU.ActiveCfg = Debug|Any CPU
		{B439F7CA-452D-4A2D-B8D9-396811507D75}.Debug|Any CPU.Build.0 = Debug|Any CPU
		{B439F7CA-452D-4A2D-B8D9-396811507D75}.Release|Any CPU.ActiveCfg = Release|Any CPU
		{B439F7CA-452D-4A2D-B8D9-396811507D75}.Release|Any CPU.Build.0 = Release|Any CPU
	EndGlobalSection
	GlobalSection(SolutionProperties) = preSolution
		HideSolutionNode = FALSE
	EndGlobalSection
	GlobalSection(ExtensibilityGlobals) = postSolution
		SolutionGuid = {CF66BF0F-AE08-424D-8E81-185A49D39A47}
	EndGlobalSection
EndGlobal
